
Microsoft Visual Studio Solution File, Format Version 12.00
# Visual Studio 2012
Project("{FAE04EC0-301F-11D3-BF4B-00C04F79EFBC}") = "TPCH_QUERIES", "TPCH_QUERIES\TPCH_QUERIES.csproj", "{8370DDD9-FF46-4A4D-B3F8-522E2B6080C8}"
EndProject
Global
	GlobalSection(SolutionConfigurationPlatforms) = preSolution
		Debug|Any CPU = Debug|Any CPU
		Release|Any CPU = Release|Any CPU
	EndGlobalSection
	GlobalSection(ProjectConfigurationPlatforms) = postSolution
		{8370DDD9-FF46-4A4D-B3F8-522E2B6080C8}.Debug|Any CPU.ActiveCfg = Debug|Any CPU
		{8370DDD9-FF46-4A4D-B3F8-522E2B6080C8}.Debug|Any CPU.Build.0 = Debug|Any CPU
		{8370DDD9-FF46-4A4D-B3F8-522E2B6080C8}.Release|Any CPU.ActiveCfg = Release|Any CPU
		{8370DDD9-FF46-4A4D-B3F8-522E2B6080C8}.Release|Any CPU.Build.0 = Release|Any CPU
	EndGlobalSection
	GlobalSection(SolutionProperties) = preSolution
		HideSolutionNode = FALSE
	EndGlobalSection
EndGlobal
